// !$*UTF8*$!
{
	archiveVersion = 1;
	classes = {
	};
	objectVersion = 46;
	objects = {

/* Begin PBXBuildFile section */
		6C5C487D1874AE33000F9E0F /* Cocoa.framework in Frameworks */ = {isa = PBXBuildFile; fileRef = 6C5C487C1874AE33000F9E0F /* Cocoa.framework */; };
		6C5C48871874AE33000F9E0F /* InfoPlist.strings in Resources */ = {isa = PBXBuildFile; fileRef = 6C5C48851874AE33000F9E0F /* InfoPlist.strings */; };
		6C5C48891874AE33000F9E0F /* main.m in Sources */ = {isa = PBXBuildFile; fileRef = 6C5C48881874AE33000F9E0F /* main.m */; };
		6C5C488D1874AE33000F9E0F /* Credits.rtf in Resources */ = {isa = PBXBuildFile; fileRef = 6C5C488B1874AE33000F9E0F /* Credits.rtf */; };
		6C5C48901874AE33000F9E0F /* FTLPAppDelegate.m in Sources */ = {isa = PBXBuildFile; fileRef = 6C5C488F1874AE33000F9E0F /* FTLPAppDelegate.m */; };
		6C5C48931874AE34000F9E0F /* MainMenu.xib in Resources */ = {isa = PBXBuildFile; fileRef = 6C5C48911874AE34000F9E0F /* MainMenu.xib */; };
		6C5C48951874AE34000F9E0F /* Images.xcassets in Resources */ = {isa = PBXBuildFile; fileRef = 6C5C48941874AE34000F9E0F /* Images.xcassets */; };
		6C5C489C1874AE34000F9E0F /* XCTest.framework in Frameworks */ = {isa = PBXBuildFile; fileRef = 6C5C489B1874AE34000F9E0F /* XCTest.framework */; };
		6C5C489D1874AE34000F9E0F /* Cocoa.framework in Frameworks */ = {isa = PBXBuildFile; fileRef = 6C5C487C1874AE33000F9E0F /* Cocoa.framework */; };
		6C5C48A51874AE34000F9E0F /* InfoPlist.strings in Resources */ = {isa = PBXBuildFile; fileRef = 6C5C48A31874AE34000F9E0F /* InfoPlist.strings */; };
		6C5C48A71874AE34000F9E0F /* LeopasterTests.m in Sources */ = {isa = PBXBuildFile; fileRef = 6C5C48A61874AE34000F9E0F /* LeopasterTests.m */; };
		6C5C48B31874B46E000F9E0F /* leopaster@2x.png in Resources */ = {isa = PBXBuildFile; fileRef = 6C5C48B11874B46E000F9E0F /* leopaster@2x.png */; };
		6C5C48B41874B46E000F9E0F /* leopaster.png in Resources */ = {isa = PBXBuildFile; fileRef = 6C5C48B21874B46E000F9E0F /* leopaster.png */; };
		6C5C48B71874E282000F9E0F /* NSMenuItem+Font.m in Sources */ = {isa = PBXBuildFile; fileRef = 6C5C48B61874E282000F9E0F /* NSMenuItem+Font.m */; };
/* End PBXBuildFile section */

/* Begin PBXContainerItemProxy section */
		6C5C489E1874AE34000F9E0F /* PBXContainerItemProxy */ = {
			isa = PBXContainerItemProxy;
			containerPortal = 6C5C48711874AE32000F9E0F /* Project object */;
			proxyType = 1;
			remoteGlobalIDString = 6C5C48781874AE33000F9E0F;
			remoteInfo = Leopaster;
		};
/* End PBXContainerItemProxy section */

/* Begin PBXFileReference section */
		6C5C48791874AE33000F9E0F /* Leopaster.app */ = {isa = PBXFileReference; explicitFileType = wrapper.application; includeInIndex = 0; path = Leopaster.app; sourceTree = BUILT_PRODUCTS_DIR; };
		6C5C487C1874AE33000F9E0F /* Cocoa.framework */ = {isa = PBXFileReference; lastKnownFileType = wrapper.framework; name = Cocoa.framework; path = System/Library/Frameworks/Cocoa.framework; sourceTree = SDKROOT; };
		6C5C487F1874AE33000F9E0F /* AppKit.framework */ = {isa = PBXFileReference; lastKnownFileType = wrapper.framework; name = AppKit.framework; path = System/Library/Frameworks/AppKit.framework; sourceTree = SDKROOT; };
		6C5C48801874AE33000F9E0F /* CoreData.framework */ = {isa = PBXFileReference; lastKnownFileType = wrapper.framework; name = CoreData.framework; path = System/Library/Frameworks/CoreData.framework; sourceTree = SDKROOT; };
		6C5C48811874AE33000F9E0F /* Foundation.framework */ = {isa = PBXFileReference; lastKnownFileType = wrapper.framework; name = Foundation.framework; path = System/Library/Frameworks/Foundation.framework; sourceTree = SDKROOT; };
		6C5C48841874AE33000F9E0F /* Leopaster-Info.plist */ = {isa = PBXFileReference; lastKnownFileType = text.plist.xml; path = "Leopaster-Info.plist"; sourceTree = "<group>"; };
		6C5C48861874AE33000F9E0F /* en */ = {isa = PBXFileReference; lastKnownFileType = text.plist.strings; name = en; path = en.lproj/InfoPlist.strings; sourceTree = "<group>"; };
		6C5C48881874AE33000F9E0F /* main.m */ = {isa = PBXFileReference; lastKnownFileType = sourcecode.c.objc; path = main.m; sourceTree = "<group>"; };
		6C5C488A1874AE33000F9E0F /* Leopaster-Prefix.pch */ = {isa = PBXFileReference; lastKnownFileType = sourcecode.c.h; path = "Leopaster-Prefix.pch"; sourceTree = "<group>"; };
		6C5C488C1874AE33000F9E0F /* en */ = {isa = PBXFileReference; lastKnownFileType = text.rtf; name = en; path = en.lproj/Credits.rtf; sourceTree = "<group>"; };
		6C5C488E1874AE33000F9E0F /* FTLPAppDelegate.h */ = {isa = PBXFileReference; lastKnownFileType = sourcecode.c.h; path = FTLPAppDelegate.h; sourceTree = "<group>"; };
		6C5C488F1874AE33000F9E0F /* FTLPAppDelegate.m */ = {isa = PBXFileReference; lastKnownFileType = sourcecode.c.objc; path = FTLPAppDelegate.m; sourceTree = "<group>"; };
		6C5C48921874AE34000F9E0F /* Base */ = {isa = PBXFileReference; lastKnownFileType = file.xib; name = Base; path = Base.lproj/MainMenu.xib; sourceTree = "<group>"; };
		6C5C48941874AE34000F9E0F /* Images.xcassets */ = {isa = PBXFileReference; lastKnownFileType = folder.assetcatalog; path = Images.xcassets; sourceTree = "<group>"; };
		6C5C489A1874AE34000F9E0F /* LeopasterTests.xctest */ = {isa = PBXFileReference; explicitFileType = wrapper.cfbundle; includeInIndex = 0; path = LeopasterTests.xctest; sourceTree = BUILT_PRODUCTS_DIR; };
		6C5C489B1874AE34000F9E0F /* XCTest.framework */ = {isa = PBXFileReference; lastKnownFileType = wrapper.framework; name = XCTest.framework; path = Library/Frameworks/XCTest.framework; sourceTree = DEVELOPER_DIR; };
		6C5C48A21874AE34000F9E0F /* LeopasterTests-Info.plist */ = {isa = PBXFileReference; lastKnownFileType = text.plist.xml; path = "LeopasterTests-Info.plist"; sourceTree = "<group>"; };
		6C5C48A41874AE34000F9E0F /* en */ = {isa = PBXFileReference; lastKnownFileType = text.plist.strings; name = en; path = en.lproj/InfoPlist.strings; sourceTree = "<group>"; };
		6C5C48A61874AE34000F9E0F /* LeopasterTests.m */ = {isa = PBXFileReference; lastKnownFileType = sourcecode.c.objc; path = LeopasterTests.m; sourceTree = "<group>"; };
		6C5C48B11874B46E000F9E0F /* leopaster@2x.png */ = {isa = PBXFileReference; lastKnownFileType = image.png; path = "leopaster@2x.png"; sourceTree = "<group>"; };
		6C5C48B21874B46E000F9E0F /* leopaster.png */ = {isa = PBXFileReference; lastKnownFileType = image.png; path = leopaster.png; sourceTree = "<group>"; };
		6C5C48B51874E282000F9E0F /* NSMenuItem+Font.h */ = {isa = PBXFileReference; fileEncoding = 4; lastKnownFileType = sourcecode.c.h; path = "NSMenuItem+Font.h"; sourceTree = "<group>"; };
		6C5C48B61874E282000F9E0F /* NSMenuItem+Font.m */ = {isa = PBXFileReference; fileEncoding = 4; lastKnownFileType = sourcecode.c.objc; path = "NSMenuItem+Font.m"; sourceTree = "<group>"; };
/* End PBXFileReference section */

/* Begin PBXFrameworksBuildPhase section */
		6C5C48761874AE33000F9E0F /* Frameworks */ = {
			isa = PBXFrameworksBuildPhase;
			buildActionMask = 2147483647;
			files = (
				6C5C487D1874AE33000F9E0F /* Cocoa.framework in Frameworks */,
			);
			runOnlyForDeploymentPostprocessing = 0;
		};
		6C5C48971874AE34000F9E0F /* Frameworks */ = {
			isa = PBXFrameworksBuildPhase;
			buildActionMask = 2147483647;
			files = (
				6C5C489D1874AE34000F9E0F /* Cocoa.framework in Frameworks */,
				6C5C489C1874AE34000F9E0F /* XCTest.framework in Frameworks */,
			);
			runOnlyForDeploymentPostprocessing = 0;
		};
/* End PBXFrameworksBuildPhase section */

/* Begin PBXGroup section */
		6C5C48701874AE32000F9E0F = {
			isa = PBXGroup;
			children = (
				6C5C48821874AE33000F9E0F /* Leopaster */,
				6C5C48A01874AE34000F9E0F /* LeopasterTests */,
				6C5C487B1874AE33000F9E0F /* Frameworks */,
				6C5C487A1874AE33000F9E0F /* Products */,
			);
			sourceTree = "<group>";
		};
		6C5C487A1874AE33000F9E0F /* Products */ = {
			isa = PBXGroup;
			children = (
				6C5C48791874AE33000F9E0F /* Leopaster.app */,
				6C5C489A1874AE34000F9E0F /* LeopasterTests.xctest */,
			);
			name = Products;
			sourceTree = "<group>";
		};
		6C5C487B1874AE33000F9E0F /* Frameworks */ = {
			isa = PBXGroup;
			children = (
				6C5C487C1874AE33000F9E0F /* Cocoa.framework */,
				6C5C489B1874AE34000F9E0F /* XCTest.framework */,
				6C5C487E1874AE33000F9E0F /* Other Frameworks */,
			);
			name = Frameworks;
			sourceTree = "<group>";
		};
		6C5C487E1874AE33000F9E0F /* Other Frameworks */ = {
			isa = PBXGroup;
			children = (
				6C5C487F1874AE33000F9E0F /* AppKit.framework */,
				6C5C48801874AE33000F9E0F /* CoreData.framework */,
				6C5C48811874AE33000F9E0F /* Foundation.framework */,
			);
			name = "Other Frameworks";
			sourceTree = "<group>";
		};
		6C5C48821874AE33000F9E0F /* Leopaster */ = {
			isa = PBXGroup;
			children = (
				6C5C48B01874B459000F9E0F /* Images */,
				6C5C488E1874AE33000F9E0F /* FTLPAppDelegate.h */,
				6C5C488F1874AE33000F9E0F /* FTLPAppDelegate.m */,
				6C5C48911874AE34000F9E0F /* MainMenu.xib */,
				6C5C48941874AE34000F9E0F /* Images.xcassets */,
				6C5C48831874AE33000F9E0F /* Supporting Files */,
				6C5C48B51874E282000F9E0F /* NSMenuItem+Font.h */,
				6C5C48B61874E282000F9E0F /* NSMenuItem+Font.m */,
			);
			path = Leopaster;
			sourceTree = "<group>";
		};
		6C5C48831874AE33000F9E0F /* Supporting Files */ = {
			isa = PBXGroup;
			children = (
				6C5C48841874AE33000F9E0F /* Leopaster-Info.plist */,
				6C5C48851874AE33000F9E0F /* InfoPlist.strings */,
				6C5C48881874AE33000F9E0F /* main.m */,
				6C5C488A1874AE33000F9E0F /* Leopaster-Prefix.pch */,
				6C5C488B1874AE33000F9E0F /* Credits.rtf */,
			);
			name = "Supporting Files";
			sourceTree = "<group>";
		};
		6C5C48A01874AE34000F9E0F /* LeopasterTests */ = {
			isa = PBXGroup;
			children = (
				6C5C48A61874AE34000F9E0F /* LeopasterTests.m */,
				6C5C48A11874AE34000F9E0F /* Supporting Files */,
			);
			path = LeopasterTests;
			sourceTree = "<group>";
		};
		6C5C48A11874AE34000F9E0F /* Supporting Files */ = {
			isa = PBXGroup;
			children = (
				6C5C48A21874AE34000F9E0F /* LeopasterTests-Info.plist */,
				6C5C48A31874AE34000F9E0F /* InfoPlist.strings */,
			);
			name = "Supporting Files";
			sourceTree = "<group>";
		};
		6C5C48B01874B459000F9E0F /* Images */ = {
			isa = PBXGroup;
			children = (
				6C5C48B11874B46E000F9E0F /* leopaster@2x.png */,
				6C5C48B21874B46E000F9E0F /* leopaster.png */,
			);
			name = Images;
			sourceTree = "<group>";
		};
/* End PBXGroup section */

/* Begin PBXNativeTarget section */
		6C5C48781874AE33000F9E0F /* Leopaster */ = {
			isa = PBXNativeTarget;
			buildConfigurationList = 6C5C48AA1874AE34000F9E0F /* Build configuration list for PBXNativeTarget "Leopaster" */;
			buildPhases = (
				6C5C48751874AE33000F9E0F /* Sources */,
				6C5C48761874AE33000F9E0F /* Frameworks */,
				6C5C48771874AE33000F9E0F /* Resources */,
			);
			buildRules = (
			);
			dependencies = (
			);
			name = Leopaster;
			productName = Leopaster;
			productReference = 6C5C48791874AE33000F9E0F /* Leopaster.app */;
			productType = "com.apple.product-type.application";
		};
		6C5C48991874AE34000F9E0F /* LeopasterTests */ = {
			isa = PBXNativeTarget;
			buildConfigurationList = 6C5C48AD1874AE34000F9E0F /* Build configuration list for PBXNativeTarget "LeopasterTests" */;
			buildPhases = (
				6C5C48961874AE34000F9E0F /* Sources */,
				6C5C48971874AE34000F9E0F /* Frameworks */,
				6C5C48981874AE34000F9E0F /* Resources */,
			);
			buildRules = (
			);
			dependencies = (
				6C5C489F1874AE34000F9E0F /* PBXTargetDependency */,
			);
			name = LeopasterTests;
			productName = LeopasterTests;
			productReference = 6C5C489A1874AE34000F9E0F /* LeopasterTests.xctest */;
			productType = "com.apple.product-type.bundle.unit-test";
		};
/* End PBXNativeTarget section */

/* Begin PBXProject section */
		6C5C48711874AE32000F9E0F /* Project object */ = {
			isa = PBXProject;
			attributes = {
				CLASSPREFIX = FTLP;
				LastUpgradeCheck = 0500;
				ORGANIZATIONNAME = "Fairese Technologies";
				TargetAttributes = {
					6C5C48991874AE34000F9E0F = {
						TestTargetID = 6C5C48781874AE33000F9E0F;
					};
				};
			};
			buildConfigurationList = 6C5C48741874AE32000F9E0F /* Build configuration list for PBXProject "Leopaster" */;
			compatibilityVersion = "Xcode 3.2";
			developmentRegion = English;
			hasScannedForEncodings = 0;
			knownRegions = (
				en,
				Base,
			);
			mainGroup = 6C5C48701874AE32000F9E0F;
			productRefGroup = 6C5C487A1874AE33000F9E0F /* Products */;
			projectDirPath = "";
			projectRoot = "";
			targets = (
				6C5C48781874AE33000F9E0F /* Leopaster */,
				6C5C48991874AE34000F9E0F /* LeopasterTests */,
			);
		};
/* End PBXProject section */

/* Begin PBXResourcesBuildPhase section */
		6C5C48771874AE33000F9E0F /* Resources */ = {
			isa = PBXResourcesBuildPhase;
			buildActionMask = 2147483647;
			files = (
				6C5C48871874AE33000F9E0F /* InfoPlist.strings in Resources */,
				6C5C48951874AE34000F9E0F /* Images.xcassets in Resources */,
				6C5C48B31874B46E000F9E0F /* leopaster@2x.png in Resources */,
				6C5C488D1874AE33000F9E0F /* Credits.rtf in Resources */,
				6C5C48931874AE34000F9E0F /* MainMenu.xib in Resources */,
				6C5C48B41874B46E000F9E0F /* leopaster.png in Resources */,
			);
			runOnlyForDeploymentPostprocessing = 0;
		};
		6C5C48981874AE34000F9E0F /* Resources */ = {
			isa = PBXResourcesBuildPhase;
			buildActionMask = 2147483647;
			files = (
				6C5C48A51874AE34000F9E0F /* InfoPlist.strings in Resources */,
			);
			runOnlyForDeploymentPostprocessing = 0;
		};
/* End PBXResourcesBuildPhase section */

/* Begin PBXSourcesBuildPhase section */
		6C5C48751874AE33000F9E0F /* Sources */ = {
			isa = PBXSourcesBuildPhase;
			buildActionMask = 2147483647;
			files = (
				6C5C48901874AE33000F9E0F /* FTLPAppDelegate.m in Sources */,
				6C5C48891874AE33000F9E0F /* main.m in Sources */,
				6C5C48B71874E282000F9E0F /* NSMenuItem+Font.m in Sources */,
			);
			runOnlyForDeploymentPostprocessing = 0;
		};
		6C5C48961874AE34000F9E0F /* Sources */ = {
			isa = PBXSourcesBuildPhase;
			buildActionMask = 2147483647;
			files = (
				6C5C48A71874AE34000F9E0F /* LeopasterTests.m in Sources */,
			);
			runOnlyForDeploymentPostprocessing = 0;
		};
/* End PBXSourcesBuildPhase section */

/* Begin PBXTargetDependency section */
		6C5C489F1874AE34000F9E0F /* PBXTargetDependency */ = {
			isa = PBXTargetDependency;
			target = 6C5C48781874AE33000F9E0F /* Leopaster */;
			targetProxy = 6C5C489E1874AE34000F9E0F /* PBXContainerItemProxy */;
		};
/* End PBXTargetDependency section */

/* Begin PBXVariantGroup section */
		6C5C48851874AE33000F9E0F /* InfoPlist.strings */ = {
			isa = PBXVariantGroup;
			children = (
				6C5C48861874AE33000F9E0F /* en */,
			);
			name = InfoPlist.strings;
			sourceTree = "<group>";
		};
		6C5C488B1874AE33000F9E0F /* Credits.rtf */ = {
			isa = PBXVariantGroup;
			children = (
				6C5C488C1874AE33000F9E0F /* en */,
			);
			name = Credits.rtf;
			sourceTree = "<group>";
		};
		6C5C48911874AE34000F9E0F /* MainMenu.xib */ = {
			isa = PBXVariantGroup;
			children = (
				6C5C48921874AE34000F9E0F /* Base */,
			);
			name = MainMenu.xib;
			sourceTree = "<group>";
		};
		6C5C48A31874AE34000F9E0F /* InfoPlist.strings */ = {
			isa = PBXVariantGroup;
			children = (
				6C5C48A41874AE34000F9E0F /* en */,
			);
			name = InfoPlist.strings;
			sourceTree = "<group>";
		};
/* End PBXVariantGroup section */

/* Begin XCBuildConfiguration section */
		6C5C48A81874AE34000F9E0F /* Debug */ = {
			isa = XCBuildConfiguration;
			buildSettings = {
				ALWAYS_SEARCH_USER_PATHS = NO;
				CLANG_CXX_LANGUAGE_STANDARD = "gnu++0x";
				CLANG_CXX_LIBRARY = "libc++";
				CLANG_ENABLE_OBJC_ARC = YES;
				CLANG_WARN_BOOL_CONVERSION = YES;
				CLANG_WARN_CONSTANT_CONVERSION = YES;
				CLANG_WARN_DIRECT_OBJC_ISA_USAGE = YES_ERROR;
				CLANG_WARN_EMPTY_BODY = YES;
				CLANG_WARN_ENUM_CONVERSION = YES;
				CLANG_WARN_INT_CONVERSION = YES;
				CLANG_WARN_OBJC_ROOT_CLASS = YES_ERROR;
				CLANG_WARN__DUPLICATE_METHOD_MATCH = YES;
				COPY_PHASE_STRIP = NO;
				GCC_C_LANGUAGE_STANDARD = gnu99;
				GCC_DYNAMIC_NO_PIC = NO;
				GCC_ENABLE_OBJC_EXCEPTIONS = YES;
				GCC_OPTIMIZATION_LEVEL = 0;
				GCC_PREPROCESSOR_DEFINITIONS = (
					"DEBUG=1",
					"$(inherited)",
				);
				GCC_SYMBOLS_PRIVATE_EXTERN = NO;
				GCC_WARN_64_TO_32_BIT_CONVERSION = YES;
				GCC_WARN_ABOUT_RETURN_TYPE = YES_ERROR;
				GCC_WARN_UNDECLARED_SELECTOR = YES;
				GCC_WARN_UNINITIALIZED_AUTOS = YES;
				GCC_WARN_UNUSED_FUNCTION = YES;
				GCC_WARN_UNUSED_VARIABLE = YES;
				MACOSX_DEPLOYMENT_TARGET = 10.9;
				ONLY_ACTIVE_ARCH = YES;
				SDKROOT = macosx;
			};
			name = Debug;
		};
		6C5C48A91874AE34000F9E0F /* Release */ = {
			isa = XCBuildConfiguration;
			buildSettings = {
				ALWAYS_SEARCH_USER_PATHS = NO;
				CLANG_CXX_LANGUAGE_STANDARD = "gnu++0x";
				CLANG_CXX_LIBRARY = "libc++";
				CLANG_ENABLE_OBJC_ARC = YES;
				CLANG_WARN_BOOL_CONVERSION = YES;
				CLANG_WARN_CONSTANT_CONVERSION = YES;
				CLANG_WARN_DIRECT_OBJC_ISA_USAGE = YES_ERROR;
				CLANG_WARN_EMPTY_BODY = YES;
				CLANG_WARN_ENUM_CONVERSION = YES;
				CLANG_WARN_INT_CONVERSION = YES;
				CLANG_WARN_OBJC_ROOT_CLASS = YES_ERROR;
				CLANG_WARN__DUPLICATE_METHOD_MATCH = YES;
				COPY_PHASE_STRIP = YES;
				DEBUG_INFORMATION_FORMAT = "dwarf-with-dsym";
				ENABLE_NS_ASSERTIONS = NO;
				GCC_C_LANGUAGE_STANDARD = gnu99;
				GCC_ENABLE_OBJC_EXCEPTIONS = YES;
				GCC_WARN_64_TO_32_BIT_CONVERSION = YES;
				GCC_WARN_ABOUT_RETURN_TYPE = YES_ERROR;
				GCC_WARN_UNDECLARED_SELECTOR = YES;
				GCC_WARN_UNINITIALIZED_AUTOS = YES;
				GCC_WARN_UNUSED_FUNCTION = YES;
				GCC_WARN_UNUSED_VARIABLE = YES;
				MACOSX_DEPLOYMENT_TARGET = 10.9;
				SDKROOT = macosx;
			};
			name = Release;
		};
		6C5C48AB1874AE34000F9E0F /* Debug */ = {
			isa = XCBuildConfiguration;
			buildSettings = {
				ASSETCATALOG_COMPILER_APPICON_NAME = AppIcon;
				COMBINE_HIDPI_IMAGES = YES;
				GCC_PRECOMPILE_PREFIX_HEADER = YES;
				GCC_PREFIX_HEADER = "Leopaster/Leopaster-Prefix.pch";
				INFOPLIST_FILE = "Leopaster/Leopaster-Info.plist";
				PRODUCT_NAME = "$(TARGET_NAME)";
				WRAPPER_EXTENSION = app;
			};
			name = Debug;
		};
		6C5C48AC1874AE34000F9E0F /* Release */ = {
			isa = XCBuildConfiguration;
			buildSettings = {
				ASSETCATALOG_COMPILER_APPICON_NAME = AppIcon;
				COMBINE_HIDPI_IMAGES = YES;
				GCC_PRECOMPILE_PREFIX_HEADER = YES;
				GCC_PREFIX_HEADER = "Leopaster/Leopaster-Prefix.pch";
				INFOPLIST_FILE = "Leopaster/Leopaster-Info.plist";
				PRODUCT_NAME = "$(TARGET_NAME)";
				WRAPPER_EXTENSION = app;
			};
			name = Release;
		};
		6C5C48AE1874AE34000F9E0F /* Debug */ = {
			isa = XCBuildConfiguration;
			buildSettings = {
				BUNDLE_LOADER = "$(BUILT_PRODUCTS_DIR)/Leopaster.app/Contents/MacOS/Leopaster";
				COMBINE_HIDPI_IMAGES = YES;
				FRAMEWORK_SEARCH_PATHS = (
					"$(DEVELOPER_FRAMEWORKS_DIR)",
					"$(inherited)",
				);
				GCC_PRECOMPILE_PREFIX_HEADER = YES;
				GCC_PREFIX_HEADER = "Leopaster/Leopaster-Prefix.pch";
				GCC_PREPROCESSOR_DEFINITIONS = (
					"DEBUG=1",
					"$(inherited)",
				);
				INFOPLIST_FILE = "LeopasterTests/LeopasterTests-Info.plist";
				PRODUCT_NAME = "$(TARGET_NAME)";
				TEST_HOST = "$(BUNDLE_LOADER)";
				WRAPPER_EXTENSION = xctest;
			};
			name = Debug;
		};
		6C5C48AF1874AE34000F9E0F /* Release */ = {
			isa = XCBuildConfiguration;
			buildSettings = {
				BUNDLE_LOADER = "$(BUILT_PRODUCTS_DIR)/Leopaster.app/Contents/MacOS/Leopaster";
				COMBINE_HIDPI_IMAGES = YES;
				FRAMEWORK_SEARCH_PATHS = (
					"$(DEVELOPER_FRAMEWORKS_DIR)",
					"$(inherited)",
				);
				GCC_PRECOMPILE_PREFIX_HEADER = YES;
				GCC_PREFIX_HEADER = "Leopaster/Leopaster-Prefix.pch";
				INFOPLIST_FILE = "LeopasterTests/LeopasterTests-Info.plist";
				PRODUCT_NAME = "$(TARGET_NAME)";
				TEST_HOST = "$(BUNDLE_LOADER)";
				WRAPPER_EXTENSION = xctest;
			};
			name = Release;
		};
/* End XCBuildConfiguration section */

/* Begin XCConfigurationList section */
		6C5C48741874AE32000F9E0F /* Build configuration list for PBXProject "Leopaster" */ = {
			isa = XCConfigurationList;
			buildConfigurations = (
				6C5C48A81874AE34000F9E0F /* Debug */,
				6C5C48A91874AE34000F9E0F /* Release */,
			);
			defaultConfigurationIsVisible = 0;
			defaultConfigurationName = Release;
		};
		6C5C48AA1874AE34000F9E0F /* Build configuration list for PBXNativeTarget "Leopaster" */ = {
			isa = XCConfigurationList;
			buildConfigurations = (
				6C5C48AB1874AE34000F9E0F /* Debug */,
				6C5C48AC1874AE34000F9E0F /* Release */,
			);
			defaultConfigurationIsVisible = 0;
		};
		6C5C48AD1874AE34000F9E0F /* Build configuration list for PBXNativeTarget "LeopasterTests" */ = {
			isa = XCConfigurationList;
			buildConfigurations = (
				6C5C48AE1874AE34000F9E0F /* Debug */,
				6C5C48AF1874AE34000F9E0F /* Release */,
			);
			defaultConfigurationIsVisible = 0;
		};
/* End XCConfigurationList section */
	};
	rootObject = 6C5C48711874AE32000F9E0F /* Project object */;
}
